
Microsoft Visual Studio Solution File, Format Version 12.00
# Visual Studio 14
VisualStudioVersion = 14.0.24720.0
MinimumVisualStudioVersion = 10.0.40219.1
Project("{FAE04EC0-301F-11D3-BF4B-00C04F79EFBC}") = "PlanetSystem.Models", "PlanetSystem.Models\PlanetSystem.Models.csproj", "{4EFD5B47-2913-4CC1-8716-3F16CD526303}"
EndProject
Project("{FAE04EC0-301F-11D3-BF4B-00C04F79EFBC}") = "SQLiteData", "SQLiteData\SQLiteData.csproj", "{1CD77D86-EA28-48AD-B65E-3C5304EF52C6}"
EndProject
Project("{FAE04EC0-301F-11D3-BF4B-00C04F79EFBC}") = "PostgreSQLData", "PostgreSQLData\PostgreSQLData.csproj", "{C426443E-D63F-4B18-A401-20369A46A347}"
EndProject
Project("{FAE04EC0-301F-11D3-BF4B-00C04F79EFBC}") = "ReportsGenerators", "ReportsGenerators\ReportsGenerators.csproj", "{078AC86A-9DEB-44DC-944C-F0F436F5861D}"
EndProject
Project("{FAE04EC0-301F-11D3-BF4B-00C04F79EFBC}") = "PlanetSystem.UserInterface", "PlanetSystem.UserInterface\PlanetSystem.UserInterface.csproj", "{91C3D87D-8926-40BC-9A52-58186D96F06C}"
EndProject
Project("{FAE04EC0-301F-11D3-BF4B-00C04F79EFBC}") = "PlanetSystem.Data", "PlanetSystem.Data\PlanetSystem.Data.csproj", "{D5232EDF-2AFD-4D46-8536-0402F100823F}"
EndProject
Global
	GlobalSection(SolutionConfigurationPlatforms) = preSolution
		Debug|Any CPU = Debug|Any CPU
		Release|Any CPU = Release|Any CPU
	EndGlobalSection
	GlobalSection(ProjectConfigurationPlatforms) = postSolution
		{4EFD5B47-2913-4CC1-8716-3F16CD526303}.Debug|Any CPU.ActiveCfg = Release|Any CPU
		{4EFD5B47-2913-4CC1-8716-3F16CD526303}.Debug|Any CPU.Build.0 = Release|Any CPU
		{4EFD5B47-2913-4CC1-8716-3F16CD526303}.Release|Any CPU.ActiveCfg = Release|Any CPU
		{4EFD5B47-2913-4CC1-8716-3F16CD526303}.Release|Any CPU.Build.0 = Release|Any CPU
		{1CD77D86-EA28-48AD-B65E-3C5304EF52C6}.Debug|Any CPU.ActiveCfg = Release|Any CPU
		{1CD77D86-EA28-48AD-B65E-3C5304EF52C6}.Debug|Any CPU.Build.0 = Release|Any CPU
		{1CD77D86-EA28-48AD-B65E-3C5304EF52C6}.Release|Any CPU.ActiveCfg = Release|Any CPU
		{1CD77D86-EA28-48AD-B65E-3C5304EF52C6}.Release|Any CPU.Build.0 = Release|Any CPU
		{C426443E-D63F-4B18-A401-20369A46A347}.Debug|Any CPU.ActiveCfg = Release|Any CPU
		{C426443E-D63F-4B18-A401-20369A46A347}.Debug|Any CPU.Build.0 = Release|Any CPU
		{C426443E-D63F-4B18-A401-20369A46A347}.Release|Any CPU.ActiveCfg = Release|Any CPU
		{C426443E-D63F-4B18-A401-20369A46A347}.Release|Any CPU.Build.0 = Release|Any CPU
		{078AC86A-9DEB-44DC-944C-F0F436F5861D}.Debug|Any CPU.ActiveCfg = Release|Any CPU
		{078AC86A-9DEB-44DC-944C-F0F436F5861D}.Debug|Any CPU.Build.0 = Release|Any CPU
		{078AC86A-9DEB-44DC-944C-F0F436F5861D}.Release|Any CPU.ActiveCfg = Release|Any CPU
		{078AC86A-9DEB-44DC-944C-F0F436F5861D}.Release|Any CPU.Build.0 = Release|Any CPU
		{91C3D87D-8926-40BC-9A52-58186D96F06C}.Debug|Any CPU.ActiveCfg = Release|Any CPU
		{91C3D87D-8926-40BC-9A52-58186D96F06C}.Release|Any CPU.ActiveCfg = Release|Any CPU
		{D5232EDF-2AFD-4D46-8536-0402F100823F}.Debug|Any CPU.ActiveCfg = Release|Any CPU
		{D5232EDF-2AFD-4D46-8536-0402F100823F}.Debug|Any CPU.Build.0 = Release|Any CPU
		{D5232EDF-2AFD-4D46-8536-0402F100823F}.Release|Any CPU.ActiveCfg = Release|Any CPU
		{D5232EDF-2AFD-4D46-8536-0402F100823F}.Release|Any CPU.Build.0 = Release|Any CPU
	EndGlobalSection
	GlobalSection(SolutionProperties) = preSolution
		HideSolutionNode = FALSE
	EndGlobalSection
EndGlobal
